
Microsoft Visual Studio Solution File, Format Version 12.00
# Visual Studio Version 16
VisualStudioVersion = 16.0.31205.134
MinimumVisualStudioVersion = 10.0.40219.1
Project("{8BC9CEB8-8B4A-11D0-8D11-00A0C91BC942}") = "LearnOpenGL", "LearnOpenGL\LearnOpenGL.vcxproj", "{166EBE90-3C47-4C45-8FBC-003A7E04F193}"
EndProject
Global
	GlobalSection(SolutionConfigurationPlatforms) = preSolution
		Debug|x64 = Debug|x64
		Debug|x86 = Debug|x86
		Release|x64 = Release|x64
		Release|x86 = Release|x86
	EndGlobalSection
	GlobalSection(ProjectConfigurationPlatforms) = postSolution
		{166EBE90-3C47-4C45-8FBC-003A7E04F193}.Debug|x64.ActiveCfg = Debug|x64
		{166EBE90-3C47-4C45-8FBC-003A7E04F193}.Debug|x64.Build.0 = Debug|x64
		{166EBE90-3C47-4C45-8FBC-003A7E04F193}.Debug|x86.ActiveCfg = Debug|Win32
		{166EBE90-3C47-4C45-8FBC-003A7E04F193}.Debug|x86.Build.0 = Debug|Win32
		{166EBE90-3C47-4C45-8FBC-003A7E04F193}.Release|x64.ActiveCfg = Release|x64
		{166EBE90-3C47-4C45-8FBC-003A7E04F193}.Release|x64.Build.0 = Release|x64
		{166EBE90-3C47-4C45-8FBC-003A7E04F193}.Release|x86.ActiveCfg = Release|Win32
		{166EBE90-3C47-4C45-8FBC-003A7E04F193}.Release|x86.Build.0 = Release|Win32
	EndGlobalSection
	GlobalSection(SolutionProperties) = preSolution
		HideSolutionNode = FALSE
	EndGlobalSection
	GlobalSection(ExtensibilityGlobals) = postSolution
		SolutionGuid = {D7D69D6A-2638-4705-8307-986E05D7F726}
	EndGlobalSection
EndGlobal
